// !$*UTF8*$!
{
	archiveVersion = 1;
	classes = {
	};
	objectVersion = 90;
	objects = {

/* Begin PBXBuildFile section */
		77043D242EB8F04C006B4683 /* HabitTrackerViewModel.swift in Sources */ = {isa = PBXBuildFile; fileRef = 77043D232EB8F04C006B4683 /* HabitTrackerViewModel.swift */; };
		77043D262EB8F462006B4683 /* AppConstants.swift in Sources */ = {isa = PBXBuildFile; fileRef = 77043D252EB8F462006B4683 /* AppConstants.swift */; };
		77166BC72DF3CBDC0071BED6 /* HabitFormView.swift in Sources */ = {isa = PBXBuildFile; fileRef = 77166BC62DF3CBDC0071BED6 /* HabitFormView.swift */; };
		77166BC92DF3CC7A0071BED6 /* IconSelectorView.swift in Sources */ = {isa = PBXBuildFile; fileRef = 77166BC82DF3CC7A0071BED6 /* IconSelectorView.swift */; };
		77166BCD2DF46F7B0071BED6 /* Bullet Tracker - Future Optimizations in Resources */ = {isa = PBXBuildFile; fileRef = 77166BCC2DF46F7B0071BED6 /* Bullet Tracker - Future Optimizations */; };
		772D05842EB3A2DC00186D04 /* WidgetKit.framework in Frameworks */ = {isa = PBXBuildFile; fileRef = 772D05832EB3A2DC00186D04 /* WidgetKit.framework */; };
		772D05862EB3A2DC00186D04 /* SwiftUI.framework in Frameworks */ = {isa = PBXBuildFile; fileRef = 772D05852EB3A2DC00186D04 /* SwiftUI.framework */; };
		772D05972EB3A2DD00186D04 /* BulletTrackerWidgetsExtension.appex in Embed Foundation Extensions */ = {isa = PBXBuildFile; fileRef = 772D05812EB3A2DC00186D04 /* BulletTrackerWidgetsExtension.appex */; settings = {ATTRIBUTES = (RemoveHeadersOnCopy, ); }; };
		774843FF2EB2D27A007F3B9B /* HabitDataRepository.swift in Sources */ = {isa = PBXBuildFile; fileRef = 774843FE2EB2D27A007F3B9B /* HabitDataRepository.swift */; };
		7770B1EA2EB8117000DA97EB /* CoreDataManager.swift in Sources */ = {isa = PBXBuildFile; fileRef = 77DB37B52DEBFBB4004E2ED9 /* CoreDataManager.swift */; };
		77B535972DD62DAE008BBCD8 /* BackupManager.swift in Sources */ = {isa = PBXBuildFile; fileRef = 77B535962DD62DAE008BBCD8 /* BackupManager.swift */; };
		77B535992DD62DB6008BBCD8 /* BackupRestoreViewModel.swift in Sources */ = {isa = PBXBuildFile; fileRef = 77B535982DD62DB6008BBCD8 /* BackupRestoreViewModel.swift */; };
		77D9A51D2F29435B0019C64C /* HabitGridCollectionView.swift in Sources */ = {isa = PBXBuildFile; fileRef = 77D9A51C2F29435B0019C64C /* HabitGridCollectionView.swift */; };
		77D9A51F2F294BBB0019C64C /* HabitDashboardView.swift in Sources */ = {isa = PBXBuildFile; fileRef = 77D9A51E2F294BBB0019C64C /* HabitDashboardView.swift */; };
		77D9A5222F294D660019C64C /* NotesView.swift in Sources */ = {isa = PBXBuildFile; fileRef = 77D9A5202F294D660019C64C /* NotesView.swift */; };
		77D9A5232F294D660019C64C /* NotesView.swift in Sources */ = {isa = PBXBuildFile; fileRef = 77D9A5202F294D660019C64C /* NotesView.swift */; };
		77D9A5272F2952730019C64C /* DayJournalView.swift in Sources */ = {isa = PBXBuildFile; fileRef = 77D9A5262F2952730019C64C /* DayJournalView.swift */; };
		77D9A5292F29A1B60019C64C /* HabitCalculations.swift in Sources */ = {isa = PBXBuildFile; fileRef = 77D9A5282F29A1B60019C64C /* HabitCalculations.swift */; };
		77D9A52D2F2A5AAF0019C64C /* HabitDashboardViewModel.swift in Sources */ = {isa = PBXBuildFile; fileRef = 77D9A52B2F2A5AAF0019C64C /* HabitDashboardViewModel.swift */; };
		77D9A52E2F2A5AAF0019C64C /* DashboardComponents.swift in Sources */ = {isa = PBXBuildFile; fileRef = 77D9A52A2F2A5AAF0019C64C /* DashboardComponents.swift */; };
		77D9A52F2F2A5AAF0019C64C /* HabitDetailDashboardView.swift in Sources */ = {isa = PBXBuildFile; fileRef = 77D9A52C2F2A5AAF0019C64C /* HabitDetailDashboardView.swift */; };
		77D9A5312F2C03AA0019C64C /* JournalExportView.swift in Sources */ = {isa = PBXBuildFile; fileRef = 77D9A5302F2C03AA0019C64C /* JournalExportView.swift */; };
		77D9A5332F2D112C0019C64C /* AppTheme.swift in Sources */ = {isa = PBXBuildFile; fileRef = 77D9A5322F2D112C0019C64C /* AppTheme.swift */; };
		77DB37272DEBD47E004E2ED9 /* Bullet Track - update log.md in Resources */ = {isa = PBXBuildFile; fileRef = 77DB37262DEBD47E004E2ED9 /* Bullet Track - update log.md */; };
		77DB37292DEBD593004E2ED9 /* Bullet Track - Overview.md in Resources */ = {isa = PBXBuildFile; fileRef = 77DB37282DEBD593004E2ED9 /* Bullet Track - Overview.md */; };
		77DB372C2DEBD616004E2ED9 /* Bullet Track - Context.md in Resources */ = {isa = PBXBuildFile; fileRef = 77DB372B2DEBD616004E2ED9 /* Bullet Track - Context.md */; };
		77DB372E2DEBD64D004E2ED9 /* Bullet Track - protocol in Resources */ = {isa = PBXBuildFile; fileRef = 77DB372D2DEBD64D004E2ED9 /* Bullet Track - protocol */; };
		77DB37CE2DEBFBB4004E2ED9 /* SettingsView.swift in Sources */ = {isa = PBXBuildFile; fileRef = 77DB37C72DEBFBB4004E2ED9 /* SettingsView.swift */; };
		77DB37CF2DEBFBB4004E2ED9 /* HabitDetailIndicatorView.swift in Sources */ = {isa = PBXBuildFile; fileRef = 77DB37BF2DEBFBB4004E2ED9 /* HabitDetailIndicatorView.swift */; };
		77DB37D12DEBFBB4004E2ED9 /* CoreDataManager+HabitDetails.swift in Sources */ = {isa = PBXBuildFile; fileRef = 77DB37B62DEBFBB4004E2ED9 /* CoreDataManager+HabitDetails.swift */; };
		77DB37D22DEBFBB4004E2ED9 /* HabitCheckboxView.swift in Sources */ = {isa = PBXBuildFile; fileRef = 77DB37BD2DEBFBB4004E2ED9 /* HabitCheckboxView.swift */; };
		77DB37D42DEBFBB4004E2ED9 /* Constants.swift in Sources */ = {isa = PBXBuildFile; fileRef = 77DB37B32DEBFBB4004E2ED9 /* Constants.swift */; };
		77DB37D62DEBFBB4004E2ED9 /* CoreDataManager.swift in Sources */ = {isa = PBXBuildFile; fileRef = 77DB37B52DEBFBB4004E2ED9 /* CoreDataManager.swift */; };
		77DB37DA2DEBFBB4004E2ED9 /* Bullet_TrackerApp.swift in Sources */ = {isa = PBXBuildFile; fileRef = 77DB37AF2DEBFBB4004E2ED9 /* Bullet_TrackerApp.swift */; };
		77DB37DC2DEBFBB4004E2ED9 /* HabitRowLabelView.swift in Sources */ = {isa = PBXBuildFile; fileRef = 77DB37C12DEBFBB4004E2ED9 /* HabitRowLabelView.swift */; };
		77DB37DD2DEBFBB4004E2ED9 /* HabitStatsView.swift in Sources */ = {isa = PBXBuildFile; fileRef = 77DB37C22DEBFBB4004E2ED9 /* HabitStatsView.swift */; };
		77DB37E02DEBFBB4004E2ED9 /* ContentView.swift in Sources */ = {isa = PBXBuildFile; fileRef = 77DB37B42DEBFBB4004E2ED9 /* ContentView.swift */; };
		77DB37E12DEBFBB4004E2ED9 /* HabitCompletionDetailView.swift in Sources */ = {isa = PBXBuildFile; fileRef = 77DB37BE2DEBFBB4004E2ED9 /* HabitCompletionDetailView.swift */; };
		77DB37E62DEBFBB4004E2ED9 /* Color+Hex.swift in Sources */ = {isa = PBXBuildFile; fileRef = 77DB37B22DEBFBB4004E2ED9 /* Color+Hex.swift */; };
		77DB37E72DEBFBB4004E2ED9 /* HabitTrackerView.swift in Sources */ = {isa = PBXBuildFile; fileRef = 77DB37C32DEBFBB4004E2ED9 /* HabitTrackerView.swift */; };
		77DB37E92DEBFBB4004E2ED9 /* EditHabitView.swift in Sources */ = {isa = PBXBuildFile; fileRef = 77DB37BA2DEBFBB4004E2ED9 /* EditHabitView.swift */; };
		77DB37EA2DEBFBB4004E2ED9 /* AddHabitView.swift in Sources */ = {isa = PBXBuildFile; fileRef = 77DB37AB2DEBFBB4004E2ED9 /* AddHabitView.swift */; };
		77DB37EB2DEBFBB4004E2ED9 /* HabitProgressView.swift in Sources */ = {isa = PBXBuildFile; fileRef = 77DB37C02DEBFBB4004E2ED9 /* HabitProgressView.swift */; };
		77DB38052DEC0768004E2ED9 /* feature list.md in Resources */ = {isa = PBXBuildFile; fileRef = 77DB38042DEC0768004E2ED9 /* feature list.md */; };
/* End PBXBuildFile section */

/* Begin PBXContainerItemProxy section */
		772D05952EB3A2DD00186D04 /* PBXContainerItemProxy */ = {
			isa = PBXContainerItemProxy;
			containerPortal = 7783B2532DD2894B0008E0F3 /* Project object */;
			proxyType = 1;
			remoteGlobalIDString = 772D05802EB3A2DC00186D04;
			remoteInfo = BulletTrackerWidgetsExtension;
		};
		7783B26E2DD2894D0008E0F3 /* PBXContainerItemProxy */ = {
			isa = PBXContainerItemProxy;
			containerPortal = 7783B2532DD2894B0008E0F3 /* Project object */;
			proxyType = 1;
			remoteGlobalIDString = 7783B25A2DD2894B0008E0F3;
			remoteInfo = "Bullet Tracker";
		};
		7783B2782DD2894D0008E0F3 /* PBXContainerItemProxy */ = {
			isa = PBXContainerItemProxy;
			containerPortal = 7783B2532DD2894B0008E0F3 /* Project object */;
			proxyType = 1;
			remoteGlobalIDString = 7783B25A2DD2894B0008E0F3;
			remoteInfo = "Bullet Tracker";
		};
/* End PBXContainerItemProxy section */

/* Begin PBXCopyFilesBuildPhase section */
		772D059C2EB3A2DD00186D04 /* Embed Foundation Extensions */ = {
			isa = PBXCopyFilesBuildPhase;
			dstPath = "";
			dstSubfolder = PlugIns;
			files = (
				772D05972EB3A2DD00186D04 /* BulletTrackerWidgetsExtension.appex in Embed Foundation Extensions */,
			);
			name = "Embed Foundation Extensions";
		};
/* End PBXCopyFilesBuildPhase section */

/* Begin PBXFileReference section */
		77043D232EB8F04C006B4683 /* HabitTrackerViewModel.swift */ = {isa = PBXFileReference; lastKnownFileType = sourcecode.swift; path = HabitTrackerViewModel.swift; sourceTree = "<group>"; };
		77043D252EB8F462006B4683 /* AppConstants.swift */ = {isa = PBXFileReference; lastKnownFileType = sourcecode.swift; path = AppConstants.swift; sourceTree = "<group>"; };
		77166BC62DF3CBDC0071BED6 /* HabitFormView.swift */ = {isa = PBXFileReference; lastKnownFileType = sourcecode.swift; path = HabitFormView.swift; sourceTree = "<group>"; };
		77166BC82DF3CC7A0071BED6 /* IconSelectorView.swift */ = {isa = PBXFileReference; lastKnownFileType = sourcecode.swift; path = IconSelectorView.swift; sourceTree = "<group>"; };
		77166BCC2DF46F7B0071BED6 /* Bullet Tracker - Future Optimizations */ = {isa = PBXFileReference; lastKnownFileType = text; path = "Bullet Tracker - Future Optimizations"; sourceTree = "<group>"; };
		772D05812EB3A2DC00186D04 /* BulletTrackerWidgetsExtension.appex */ = {isa = PBXFileReference; explicitFileType = "wrapper.app-extension"; includeInIndex = 0; path = BulletTrackerWidgetsExtension.appex; sourceTree = BUILT_PRODUCTS_DIR; };
		772D05832EB3A2DC00186D04 /* WidgetKit.framework */ = {isa = PBXFileReference; lastKnownFileType = wrapper.framework; name = WidgetKit.framework; path = System/Library/Frameworks/WidgetKit.framework; sourceTree = SDKROOT; };
		772D05852EB3A2DC00186D04 /* SwiftUI.framework */ = {isa = PBXFileReference; lastKnownFileType = wrapper.framework; name = SwiftUI.framework; path = System/Library/Frameworks/SwiftUI.framework; sourceTree = SDKROOT; };
		772D059D2EB3A47E00186D04 /* BulletTrackerWidgetsExtension.entitlements */ = {isa = PBXFileReference; lastKnownFileType = text.plist.entitlements; path = BulletTrackerWidgetsExtension.entitlements; sourceTree = "<group>"; };
		774843FE2EB2D27A007F3B9B /* HabitDataRepository.swift */ = {isa = PBXFileReference; lastKnownFileType = sourcecode.swift; path = HabitDataRepository.swift; sourceTree = "<group>"; };
		7783B25B2DD2894B0008E0F3 /* Bullet Tracker.app */ = {isa = PBXFileReference; explicitFileType = wrapper.application; includeInIndex = 0; path = "Bullet Tracker.app"; sourceTree = BUILT_PRODUCTS_DIR; };
		7783B26D2DD2894D0008E0F3 /* Bullet TrackerTests.xctest */ = {isa = PBXFileReference; explicitFileType = wrapper.cfbundle; includeInIndex = 0; path = "Bullet TrackerTests.xctest"; sourceTree = BUILT_PRODUCTS_DIR; };
		7783B2772DD2894D0008E0F3 /* Bullet TrackerUITests.xctest */ = {isa = PBXFileReference; explicitFileType = wrapper.cfbundle; includeInIndex = 0; path = "Bullet TrackerUITests.xctest"; sourceTree = BUILT_PRODUCTS_DIR; };
		77B535962DD62DAE008BBCD8 /* BackupManager.swift */ = {isa = PBXFileReference; lastKnownFileType = sourcecode.swift; path = BackupManager.swift; sourceTree = "<group>"; };
		77B535982DD62DB6008BBCD8 /* BackupRestoreViewModel.swift */ = {isa = PBXFileReference; lastKnownFileType = sourcecode.swift; path = BackupRestoreViewModel.swift; sourceTree = "<group>"; };
		77D9A51C2F29435B0019C64C /* HabitGridCollectionView.swift */ = {isa = PBXFileReference; lastKnownFileType = sourcecode.swift; path = HabitGridCollectionView.swift; sourceTree = "<group>"; };
		77D9A51E2F294BBB0019C64C /* HabitDashboardView.swift */ = {isa = PBXFileReference; lastKnownFileType = sourcecode.swift; path = HabitDashboardView.swift; sourceTree = "<group>"; };
		77D9A5202F294D660019C64C /* NotesView.swift */ = {isa = PBXFileReference; lastKnownFileType = sourcecode.swift; path = NotesView.swift; sourceTree = "<group>"; };
		77D9A5262F2952730019C64C /* DayJournalView.swift */ = {isa = PBXFileReference; lastKnownFileType = sourcecode.swift; path = DayJournalView.swift; sourceTree = "<group>"; };
		77D9A5282F29A1B60019C64C /* HabitCalculations.swift */ = {isa = PBXFileReference; lastKnownFileType = sourcecode.swift; path = HabitCalculations.swift; sourceTree = "<group>"; };
		77D9A52A2F2A5AAF0019C64C /* DashboardComponents.swift */ = {isa = PBXFileReference; lastKnownFileType = sourcecode.swift; path = DashboardComponents.swift; sourceTree = "<group>"; };
		77D9A52B2F2A5AAF0019C64C /* HabitDashboardViewModel.swift */ = {isa = PBXFileReference; lastKnownFileType = sourcecode.swift; path = HabitDashboardViewModel.swift; sourceTree = "<group>"; };
		77D9A52C2F2A5AAF0019C64C /* HabitDetailDashboardView.swift */ = {isa = PBXFileReference; lastKnownFileType = sourcecode.swift; path = HabitDetailDashboardView.swift; sourceTree = "<group>"; };
		77D9A5302F2C03AA0019C64C /* JournalExportView.swift */ = {isa = PBXFileReference; lastKnownFileType = sourcecode.swift; path = JournalExportView.swift; sourceTree = "<group>"; };
		77D9A5322F2D112C0019C64C /* AppTheme.swift */ = {isa = PBXFileReference; lastKnownFileType = sourcecode.swift; path = AppTheme.swift; sourceTree = "<group>"; };
		77DB37262DEBD47E004E2ED9 /* Bullet Track - update log.md */ = {isa = PBXFileReference; lastKnownFileType = net.daringfireball.markdown; path = "Bullet Track - update log.md"; sourceTree = "<group>"; };
		77DB37282DEBD593004E2ED9 /* Bullet Track - Overview.md */ = {isa = PBXFileReference; lastKnownFileType = net.daringfireball.markdown; path = "Bullet Track - Overview.md"; sourceTree = "<group>"; };
		77DB372B2DEBD616004E2ED9 /* Bullet Track - Context.md */ = {isa = PBXFileReference; lastKnownFileType = net.daringfireball.markdown; path = "Bullet Track - Context.md"; sourceTree = "<group>"; };
		77DB372D2DEBD64D004E2ED9 /* Bullet Track - protocol */ = {isa = PBXFileReference; lastKnownFileType = text; path = "Bullet Track - protocol"; sourceTree = "<group>"; };
		77DB37AB2DEBFBB4004E2ED9 /* AddHabitView.swift */ = {isa = PBXFileReference; lastKnownFileType = sourcecode.swift; path = AddHabitView.swift; sourceTree = "<group>"; };
		77DB37AF2DEBFBB4004E2ED9 /* Bullet_TrackerApp.swift */ = {isa = PBXFileReference; lastKnownFileType = sourcecode.swift; path = Bullet_TrackerApp.swift; sourceTree = "<group>"; };
		77DB37B22DEBFBB4004E2ED9 /* Color+Hex.swift */ = {isa = PBXFileReference; lastKnownFileType = sourcecode.swift; path = "Color+Hex.swift"; sourceTree = "<group>"; };
		77DB37B32DEBFBB4004E2ED9 /* Constants.swift */ = {isa = PBXFileReference; lastKnownFileType = sourcecode.swift; path = Constants.swift; sourceTree = "<group>"; };
		77DB37B42DEBFBB4004E2ED9 /* ContentView.swift */ = {isa = PBXFileReference; lastKnownFileType = sourcecode.swift; path = ContentView.swift; sourceTree = "<group>"; };
		77DB37B52DEBFBB4004E2ED9 /* CoreDataManager.swift */ = {isa = PBXFileReference; lastKnownFileType = sourcecode.swift; path = CoreDataManager.swift; sourceTree = "<group>"; };
		77DB37B62DEBFBB4004E2ED9 /* CoreDataManager+HabitDetails.swift */ = {isa = PBXFileReference; lastKnownFileType = sourcecode.swift; path = "CoreDataManager+HabitDetails.swift"; sourceTree = "<group>"; };
		77DB37BA2DEBFBB4004E2ED9 /* EditHabitView.swift */ = {isa = PBXFileReference; lastKnownFileType = sourcecode.swift; path = EditHabitView.swift; sourceTree = "<group>"; };
		77DB37BD2DEBFBB4004E2ED9 /* HabitCheckboxView.swift */ = {isa = PBXFileReference; lastKnownFileType = sourcecode.swift; path = HabitCheckboxView.swift; sourceTree = "<group>"; };
		77DB37BE2DEBFBB4004E2ED9 /* HabitCompletionDetailView.swift */ = {isa = PBXFileReference; lastKnownFileType = sourcecode.swift; path = HabitCompletionDetailView.swift; sourceTree = "<group>"; };
		77DB37BF2DEBFBB4004E2ED9 /* HabitDetailIndicatorView.swift */ = {isa = PBXFileReference; lastKnownFileType = sourcecode.swift; path = HabitDetailIndicatorView.swift; sourceTree = "<group>"; };
		77DB37C02DEBFBB4004E2ED9 /* HabitProgressView.swift */ = {isa = PBXFileReference; lastKnownFileType = sourcecode.swift; path = HabitProgressView.swift; sourceTree = "<group>"; };
		77DB37C12DEBFBB4004E2ED9 /* HabitRowLabelView.swift */ = {isa = PBXFileReference; lastKnownFileType = sourcecode.swift; path = HabitRowLabelView.swift; sourceTree = "<group>"; };
		77DB37C22DEBFBB4004E2ED9 /* HabitStatsView.swift */ = {isa = PBXFileReference; lastKnownFileType = sourcecode.swift; path = HabitStatsView.swift; sourceTree = "<group>"; };
		77DB37C32DEBFBB4004E2ED9 /* HabitTrackerView.swift */ = {isa = PBXFileReference; lastKnownFileType = sourcecode.swift; path = HabitTrackerView.swift; sourceTree = "<group>"; };
		77DB37C72DEBFBB4004E2ED9 /* SettingsView.swift */ = {isa = PBXFileReference; lastKnownFileType = sourcecode.swift; path = SettingsView.swift; sourceTree = "<group>"; };
		77DB38042DEC0768004E2ED9 /* feature list.md */ = {isa = PBXFileReference; lastKnownFileType = net.daringfireball.markdown; path = "feature list.md"; sourceTree = "<group>"; };
/* End PBXFileReference section */

/* Begin PBXFileSystemSynchronizedBuildFileExceptionSet section */
		772D05982EB3A2DD00186D04 /* Exceptions for "BulletTrackerWidgets" folder in "BulletTrackerWidgetsExtension" target */ = {
			isa = PBXFileSystemSynchronizedBuildFileExceptionSet;
			membershipExceptions = (
				Info.plist,
			);
			target = 772D05802EB3A2DC00186D04 /* BulletTrackerWidgetsExtension */;
		};
		7770B1E92EB79EB700DA97EB /* Exceptions for "Bullet Tracker" folder in "BulletTrackerWidgetsExtension" target */ = {
			isa = PBXFileSystemSynchronizedBuildFileExceptionSet;
			membershipExceptions = (
				Bullet_Tracker.xcdatamodeld,
			);
			target = 772D05802EB3A2DC00186D04 /* BulletTrackerWidgetsExtension */;
		};
/* End PBXFileSystemSynchronizedBuildFileExceptionSet section */

/* Begin PBXFileSystemSynchronizedRootGroup section */
		772D05872EB3A2DC00186D04 /* BulletTrackerWidgets */ = {
			isa = PBXFileSystemSynchronizedRootGroup;
			exceptions = (
				772D05982EB3A2DD00186D04 /* Exceptions for "BulletTrackerWidgets" folder in "BulletTrackerWidgetsExtension" target */,
			);
			path = BulletTrackerWidgets;
			sourceTree = "<group>";
		};
		7783B25D2DD2894B0008E0F3 /* Bullet Tracker */ = {
			isa = PBXFileSystemSynchronizedRootGroup;
			exceptions = (
				7770B1E92EB79EB700DA97EB /* Exceptions for "Bullet Tracker" folder in "BulletTrackerWidgetsExtension" target */,
			);
			path = "Bullet Tracker";
			sourceTree = "<group>";
		};
		7783B2702DD2894D0008E0F3 /* Bullet TrackerTests */ = {
			isa = PBXFileSystemSynchronizedRootGroup;
			path = "Bullet TrackerTests";
			sourceTree = "<group>";
		};
		7783B27A2DD2894D0008E0F3 /* Bullet TrackerUITests */ = {
			isa = PBXFileSystemSynchronizedRootGroup;
			path = "Bullet TrackerUITests";
			sourceTree = "<group>";
		};
/* End PBXFileSystemSynchronizedRootGroup section */

/* Begin PBXFrameworksBuildPhase section */
		772D057E2EB3A2DC00186D04 /* Frameworks */ = {
			isa = PBXFrameworksBuildPhase;
			files = (
				772D05862EB3A2DC00186D04 /* SwiftUI.framework in Frameworks */,
				772D05842EB3A2DC00186D04 /* WidgetKit.framework in Frameworks */,
			);
		};
		7783B2582DD2894B0008E0F3 /* Frameworks */ = {
			isa = PBXFrameworksBuildPhase;
			files = (
			);
		};
		7783B26A2DD2894D0008E0F3 /* Frameworks */ = {
			isa = PBXFrameworksBuildPhase;
			files = (
			);
		};
		7783B2742DD2894D0008E0F3 /* Frameworks */ = {
			isa = PBXFrameworksBuildPhase;
			files = (
			);
		};
/* End PBXFrameworksBuildPhase section */

/* Begin PBXGroup section */
		77166BBC2DF328B10071BED6 /* Journal */ = {
			isa = PBXGroup;
			children = (
				77D9A5302F2C03AA0019C64C /* JournalExportView.swift */,
				77D9A5262F2952730019C64C /* DayJournalView.swift */,
			);
			path = Journal;
			sourceTree = "<group>";
		};
		77166BBD2DF328D60071BED6 /* Habits */ = {
			isa = PBXGroup;
			children = (
				77D9A52A2F2A5AAF0019C64C /* DashboardComponents.swift */,
				77D9A52B2F2A5AAF0019C64C /* HabitDashboardViewModel.swift */,
				77D9A52C2F2A5AAF0019C64C /* HabitDetailDashboardView.swift */,
				77D9A51E2F294BBB0019C64C /* HabitDashboardView.swift */,
				77D9A51C2F29435B0019C64C /* HabitGridCollectionView.swift */,
				77166BC62DF3CBDC0071BED6 /* HabitFormView.swift */,
				77DB37AB2DEBFBB4004E2ED9 /* AddHabitView.swift */,
				77DB37BA2DEBFBB4004E2ED9 /* EditHabitView.swift */,
				77DB37C02DEBFBB4004E2ED9 /* HabitProgressView.swift */,
				77DB37C22DEBFBB4004E2ED9 /* HabitStatsView.swift */,
				77DB37C32DEBFBB4004E2ED9 /* HabitTrackerView.swift */,
				77DB37BD2DEBFBB4004E2ED9 /* HabitCheckboxView.swift */,
				77DB37BE2DEBFBB4004E2ED9 /* HabitCompletionDetailView.swift */,
				77DB37BF2DEBFBB4004E2ED9 /* HabitDetailIndicatorView.swift */,
				77DB37C12DEBFBB4004E2ED9 /* HabitRowLabelView.swift */,
				774843FE2EB2D27A007F3B9B /* HabitDataRepository.swift */,
				77043D232EB8F04C006B4683 /* HabitTrackerViewModel.swift */,
			);
			path = Habits;
			sourceTree = "<group>";
		};
		77166BC12DF329530071BED6 /* Data */ = {
			isa = PBXGroup;
			children = (
				77DB37B52DEBFBB4004E2ED9 /* CoreDataManager.swift */,
				77DB37B62DEBFBB4004E2ED9 /* CoreDataManager+HabitDetails.swift */,
				77B535962DD62DAE008BBCD8 /* BackupManager.swift */,
				77B535982DD62DB6008BBCD8 /* BackupRestoreViewModel.swift */,
			);
			path = Data;
			sourceTree = "<group>";
		};
		77166BC52DF3297D0071BED6 /* Utilities */ = {
			isa = PBXGroup;
			children = (
				77D9A5282F29A1B60019C64C /* HabitCalculations.swift */,
				77166BC82DF3CC7A0071BED6 /* IconSelectorView.swift */,
				77DB37B32DEBFBB4004E2ED9 /* Constants.swift */,
				77DB37B22DEBFBB4004E2ED9 /* Color+Hex.swift */,
			);
			path = Utilities;
			sourceTree = "<group>";
		};
		772D05822EB3A2DC00186D04 /* Frameworks */ = {
			isa = PBXGroup;
			children = (
				772D05832EB3A2DC00186D04 /* WidgetKit.framework */,
				772D05852EB3A2DC00186D04 /* SwiftUI.framework */,
			);
			name = Frameworks;
			sourceTree = "<group>";
		};
		7783B2522DD2894B0008E0F3 = {
			isa = PBXGroup;
			children = (
				772D059D2EB3A47E00186D04 /* BulletTrackerWidgetsExtension.entitlements */,
				77DB37F32DEBFBB9004E2ED9 /* App */,
				77166BC12DF329530071BED6 /* Data */,
				77166BBD2DF328D60071BED6 /* Habits */,
				77166BBC2DF328B10071BED6 /* Journal */,
				77D9A5212F294D660019C64C /* Notes */,
				77166BC52DF3297D0071BED6 /* Utilities */,
				77DB372A2DEBD5B6004E2ED9 /* Documentation */,
				7783B25D2DD2894B0008E0F3 /* Bullet Tracker */,
				7783B2702DD2894D0008E0F3 /* Bullet TrackerTests */,
				7783B27A2DD2894D0008E0F3 /* Bullet TrackerUITests */,
				772D05872EB3A2DC00186D04 /* BulletTrackerWidgets */,
				772D05822EB3A2DC00186D04 /* Frameworks */,
				7783B25C2DD2894B0008E0F3 /* Products */,
			);
			sourceTree = "<group>";
		};
		7783B25C2DD2894B0008E0F3 /* Products */ = {
			isa = PBXGroup;
			children = (
				7783B25B2DD2894B0008E0F3 /* Bullet Tracker.app */,
				7783B26D2DD2894D0008E0F3 /* Bullet TrackerTests.xctest */,
				7783B2772DD2894D0008E0F3 /* Bullet TrackerUITests.xctest */,
				772D05812EB3A2DC00186D04 /* BulletTrackerWidgetsExtension.appex */,
			);
			name = Products;
			sourceTree = "<group>";
		};
		77D9A5212F294D660019C64C /* Notes */ = {
			isa = PBXGroup;
			children = (
				77D9A5202F294D660019C64C /* NotesView.swift */,
			);
			path = Notes;
			sourceTree = "<group>";
		};
		77DB372A2DEBD5B6004E2ED9 /* Documentation */ = {
			isa = PBXGroup;
			children = (
				77DB37282DEBD593004E2ED9 /* Bullet Track - Overview.md */,
				77DB38042DEC0768004E2ED9 /* feature list.md */,
				77DB37262DEBD47E004E2ED9 /* Bullet Track - update log.md */,
				77DB372B2DEBD616004E2ED9 /* Bullet Track - Context.md */,
				77DB372D2DEBD64D004E2ED9 /* Bullet Track - protocol */,
				77166BCC2DF46F7B0071BED6 /* Bullet Tracker - Future Optimizations */,
				77043D252EB8F462006B4683 /* AppConstants.swift */,
			);
			path = Documentation;
			sourceTree = "<group>";
		};
		77DB37F32DEBFBB9004E2ED9 /* App */ = {
			isa = PBXGroup;
			children = (
				77D9A5322F2D112C0019C64C /* AppTheme.swift */,
				77DB37AF2DEBFBB4004E2ED9 /* Bullet_TrackerApp.swift */,
				77DB37C72DEBFBB4004E2ED9 /* SettingsView.swift */,
				77DB37B42DEBFBB4004E2ED9 /* ContentView.swift */,
			);
			path = App;
			sourceTree = "<group>";
		};
/* End PBXGroup section */

/* Begin PBXNativeTarget section */
		772D05802EB3A2DC00186D04 /* BulletTrackerWidgetsExtension */ = {
			isa = PBXNativeTarget;
			buildConfigurationList = 772D05992EB3A2DD00186D04 /* Build configuration list for PBXNativeTarget "BulletTrackerWidgetsExtension" */;
			buildPhases = (
				772D057D2EB3A2DC00186D04 /* Sources */,
				772D057E2EB3A2DC00186D04 /* Frameworks */,
				772D057F2EB3A2DC00186D04 /* Resources */,
			);
			buildRules = (
			);
			fileSystemSynchronizedGroups = (
				772D05872EB3A2DC00186D04 /* BulletTrackerWidgets */,
			);
			name = BulletTrackerWidgetsExtension;
			productName = BulletTrackerWidgetsExtension;
			productReference = 772D05812EB3A2DC00186D04 /* BulletTrackerWidgetsExtension.appex */;
			productType = "com.apple.product-type.app-extension";
		};
		7783B25A2DD2894B0008E0F3 /* Bullet Tracker */ = {
			isa = PBXNativeTarget;
			buildConfigurationList = 7783B2812DD2894D0008E0F3 /* Build configuration list for PBXNativeTarget "Bullet Tracker" */;
			buildPhases = (
				7783B2572DD2894B0008E0F3 /* Sources */,
				7783B2582DD2894B0008E0F3 /* Frameworks */,
				7783B2592DD2894B0008E0F3 /* Resources */,
				772D059C2EB3A2DD00186D04 /* Embed Foundation Extensions */,
			);
			buildRules = (
			);
			dependencies = (
				772D05962EB3A2DD00186D04 /* PBXTargetDependency */,
			);
			fileSystemSynchronizedGroups = (
				7783B25D2DD2894B0008E0F3 /* Bullet Tracker */,
			);
			name = "Bullet Tracker";
			productName = "Bullet Tracker";
			productReference = 7783B25B2DD2894B0008E0F3 /* Bullet Tracker.app */;
			productType = "com.apple.product-type.application";
		};
		7783B26C2DD2894D0008E0F3 /* Bullet TrackerTests */ = {
			isa = PBXNativeTarget;
			buildConfigurationList = 7783B2842DD2894D0008E0F3 /* Build configuration list for PBXNativeTarget "Bullet TrackerTests" */;
			buildPhases = (
				7783B2692DD2894D0008E0F3 /* Sources */,
				7783B26A2DD2894D0008E0F3 /* Frameworks */,
				7783B26B2DD2894D0008E0F3 /* Resources */,
			);
			buildRules = (
			);
			dependencies = (
				7783B26F2DD2894D0008E0F3 /* PBXTargetDependency */,
			);
			fileSystemSynchronizedGroups = (
				7783B2702DD2894D0008E0F3 /* Bullet TrackerTests */,
			);
			name = "Bullet TrackerTests";
			productName = "Bullet TrackerTests";
			productReference = 7783B26D2DD2894D0008E0F3 /* Bullet TrackerTests.xctest */;
			productType = "com.apple.product-type.bundle.unit-test";
		};
		7783B2762DD2894D0008E0F3 /* Bullet TrackerUITests */ = {
			isa = PBXNativeTarget;
			buildConfigurationList = 7783B2872DD2894D0008E0F3 /* Build configuration list for PBXNativeTarget "Bullet TrackerUITests" */;
			buildPhases = (
				7783B2732DD2894D0008E0F3 /* Sources */,
				7783B2742DD2894D0008E0F3 /* Frameworks */,
				7783B2752DD2894D0008E0F3 /* Resources */,
			);
			buildRules = (
			);
			dependencies = (
				7783B2792DD2894D0008E0F3 /* PBXTargetDependency */,
			);
			fileSystemSynchronizedGroups = (
				7783B27A2DD2894D0008E0F3 /* Bullet TrackerUITests */,
			);
			name = "Bullet TrackerUITests";
			productName = "Bullet TrackerUITests";
			productReference = 7783B2772DD2894D0008E0F3 /* Bullet TrackerUITests.xctest */;
			productType = "com.apple.product-type.bundle.ui-testing";
		};
/* End PBXNativeTarget section */

/* Begin PBXProject section */
		7783B2532DD2894B0008E0F3 /* Project object */ = {
			isa = PBXProject;
			attributes = {
				BuildIndependentTargetsInParallel = 1;
				LastSwiftUpdateCheck = 2600;
				LastUpgradeCheck = 2600;
				TargetAttributes = {
					772D05802EB3A2DC00186D04 = {
						CreatedOnToolsVersion = 26.0.1;
					};
					7783B25A2DD2894B0008E0F3 = {
						CreatedOnToolsVersion = 16.3;
					};
					7783B26C2DD2894D0008E0F3 = {
						CreatedOnToolsVersion = 16.3;
						TestTargetID = 7783B25A2DD2894B0008E0F3;
					};
					7783B2762DD2894D0008E0F3 = {
						CreatedOnToolsVersion = 16.3;
						TestTargetID = 7783B25A2DD2894B0008E0F3;
					};
				};
			};
			buildConfigurationList = 7783B2562DD2894B0008E0F3 /* Build configuration list for PBXProject "Bullet Tracker" */;
			developmentRegion = en;
			hasScannedForEncodings = 0;
			knownRegions = (
				en,
				Base,
			);
			mainGroup = 7783B2522DD2894B0008E0F3;
			minimizedProjectReferenceProxies = 1;
			preferredProjectObjectVersion = 90;
			productRefGroup = 7783B25C2DD2894B0008E0F3 /* Products */;
			projectDirPath = "";
			projectRoot = "";
			targets = (
				7783B25A2DD2894B0008E0F3 /* Bullet Tracker */,
				7783B26C2DD2894D0008E0F3 /* Bullet TrackerTests */,
				7783B2762DD2894D0008E0F3 /* Bullet TrackerUITests */,
				772D05802EB3A2DC00186D04 /* BulletTrackerWidgetsExtension */,
			);
		};
/* End PBXProject section */

/* Begin PBXResourcesBuildPhase section */
		772D057F2EB3A2DC00186D04 /* Resources */ = {
			isa = PBXResourcesBuildPhase;
			files = (
			);
		};
		7783B2592DD2894B0008E0F3 /* Resources */ = {
			isa = PBXResourcesBuildPhase;
			files = (
				77DB372C2DEBD616004E2ED9 /* Bullet Track - Context.md in Resources */,
				77DB372E2DEBD64D004E2ED9 /* Bullet Track - protocol in Resources */,
				77DB37272DEBD47E004E2ED9 /* Bullet Track - update log.md in Resources */,
				77166BCD2DF46F7B0071BED6 /* Bullet Tracker - Future Optimizations in Resources */,
				77DB37292DEBD593004E2ED9 /* Bullet Track - Overview.md in Resources */,
				77DB38052DEC0768004E2ED9 /* feature list.md in Resources */,
			);
		};
		7783B26B2DD2894D0008E0F3 /* Resources */ = {
			isa = PBXResourcesBuildPhase;
			files = (
			);
		};
		7783B2752DD2894D0008E0F3 /* Resources */ = {
			isa = PBXResourcesBuildPhase;
			files = (
			);
		};
/* End PBXResourcesBuildPhase section */

/* Begin PBXSourcesBuildPhase section */
		772D057D2EB3A2DC00186D04 /* Sources */ = {
			isa = PBXSourcesBuildPhase;
			files = (
				77D9A5232F294D660019C64C /* NotesView.swift in Sources */,
				7770B1EA2EB8117000DA97EB /* CoreDataManager.swift in Sources */,
			);
		};
		7783B2572DD2894B0008E0F3 /* Sources */ = {
			isa = PBXSourcesBuildPhase;
			files = (
				77166BC92DF3CC7A0071BED6 /* IconSelectorView.swift in Sources */,
				77B535992DD62DB6008BBCD8 /* BackupRestoreViewModel.swift in Sources */,
				77043D262EB8F462006B4683 /* AppConstants.swift in Sources */,
				77166BC72DF3CBDC0071BED6 /* HabitFormView.swift in Sources */,
				77D9A5312F2C03AA0019C64C /* JournalExportView.swift in Sources */,
				77B535972DD62DAE008BBCD8 /* BackupManager.swift in Sources */,
				77DB37CE2DEBFBB4004E2ED9 /* SettingsView.swift in Sources */,
				77DB37CF2DEBFBB4004E2ED9 /* HabitDetailIndicatorView.swift in Sources */,
				77DB37D12DEBFBB4004E2ED9 /* CoreDataManager+HabitDetails.swift in Sources */,
				77DB37D22DEBFBB4004E2ED9 /* HabitCheckboxView.swift in Sources */,
				77DB37D42DEBFBB4004E2ED9 /* Constants.swift in Sources */,
				77DB37D62DEBFBB4004E2ED9 /* CoreDataManager.swift in Sources */,
				77DB37DA2DEBFBB4004E2ED9 /* Bullet_TrackerApp.swift in Sources */,
				77DB37DC2DEBFBB4004E2ED9 /* HabitRowLabelView.swift in Sources */,
				77D9A52D2F2A5AAF0019C64C /* HabitDashboardViewModel.swift in Sources */,
				77D9A52E2F2A5AAF0019C64C /* DashboardComponents.swift in Sources */,
				77D9A5332F2D112C0019C64C /* AppTheme.swift in Sources */,
				77D9A52F2F2A5AAF0019C64C /* HabitDetailDashboardView.swift in Sources */,
				77D9A51D2F29435B0019C64C /* HabitGridCollectionView.swift in Sources */,
				77DB37DD2DEBFBB4004E2ED9 /* HabitStatsView.swift in Sources */,
				77D9A5222F294D660019C64C /* NotesView.swift in Sources */,
				77D9A51F2F294BBB0019C64C /* HabitDashboardView.swift in Sources */,
				77DB37E02DEBFBB4004E2ED9 /* ContentView.swift in Sources */,
				77DB37E12DEBFBB4004E2ED9 /* HabitCompletionDetailView.swift in Sources */,
				77D9A5272F2952730019C64C /* DayJournalView.swift in Sources */,
				774843FF2EB2D27A007F3B9B /* HabitDataRepository.swift in Sources */,
				77043D242EB8F04C006B4683 /* HabitTrackerViewModel.swift in Sources */,
				77DB37E62DEBFBB4004E2ED9 /* Color+Hex.swift in Sources */,
				77DB37E72DEBFBB4004E2ED9 /* HabitTrackerView.swift in Sources */,
				77D9A5292F29A1B60019C64C /* HabitCalculations.swift in Sources */,
				77DB37E92DEBFBB4004E2ED9 /* EditHabitView.swift in Sources */,
				77DB37EA2DEBFBB4004E2ED9 /* AddHabitView.swift in Sources */,
				77DB37EB2DEBFBB4004E2ED9 /* HabitProgressView.swift in Sources */,
			);
		};
		7783B2692DD2894D0008E0F3 /* Sources */ = {
			isa = PBXSourcesBuildPhase;
			files = (
			);
		};
		7783B2732DD2894D0008E0F3 /* Sources */ = {
			isa = PBXSourcesBuildPhase;
			files = (
			);
		};
/* End PBXSourcesBuildPhase section */

/* Begin PBXTargetDependency section */
		772D05962EB3A2DD00186D04 /* PBXTargetDependency */ = {
			isa = PBXTargetDependency;
			target = 772D05802EB3A2DC00186D04 /* BulletTrackerWidgetsExtension */;
			targetProxy = 772D05952EB3A2DD00186D04 /* PBXContainerItemProxy */;
		};
		7783B26F2DD2894D0008E0F3 /* PBXTargetDependency */ = {
			isa = PBXTargetDependency;
			target = 7783B25A2DD2894B0008E0F3 /* Bullet Tracker */;
			targetProxy = 7783B26E2DD2894D0008E0F3 /* PBXContainerItemProxy */;
		};
		7783B2792DD2894D0008E0F3 /* PBXTargetDependency */ = {
			isa = PBXTargetDependency;
			target = 7783B25A2DD2894B0008E0F3 /* Bullet Tracker */;
			targetProxy = 7783B2782DD2894D0008E0F3 /* PBXContainerItemProxy */;
		};
/* End PBXTargetDependency section */

/* Begin XCBuildConfiguration section */
		772D059A2EB3A2DD00186D04 /* Debug configuration for PBXNativeTarget "BulletTrackerWidgetsExtension" */ = {
			isa = XCBuildConfiguration;
			buildSettings = {
				ASSETCATALOG_COMPILER_GLOBAL_ACCENT_COLOR_NAME = AccentColor;
				ASSETCATALOG_COMPILER_WIDGET_BACKGROUND_COLOR_NAME = WidgetBackground;
				CODE_SIGN_ENTITLEMENTS = BulletTrackerWidgetsExtension.entitlements;
				CODE_SIGN_STYLE = Automatic;
				CURRENT_PROJECT_VERSION = 1;
				DEVELOPMENT_TEAM = 6W932TN323;
				GENERATE_INFOPLIST_FILE = YES;
				INFOPLIST_FILE = BulletTrackerWidgets/Info.plist;
				INFOPLIST_KEY_CFBundleDisplayName = BulletTrackerWidgets;
				INFOPLIST_KEY_NSHumanReadableCopyright = "";
				IPHONEOS_DEPLOYMENT_TARGET = 26.0;
				LD_RUNPATH_SEARCH_PATHS = (
					"$(inherited)",
					"@executable_path/Frameworks",
					"@executable_path/../../Frameworks",
				);
				MARKETING_VERSION = 1.0;
				PRODUCT_BUNDLE_IDENTIFIER = "db23.Bullet-Tracker.BulletTrackerWidgets";
				PRODUCT_NAME = "$(TARGET_NAME)";
				SKIP_INSTALL = YES;
				STRING_CATALOG_GENERATE_SYMBOLS = YES;
				SWIFT_APPROACHABLE_CONCURRENCY = YES;
				SWIFT_EMIT_LOC_STRINGS = YES;
				SWIFT_UPCOMING_FEATURE_MEMBER_IMPORT_VISIBILITY = YES;
				SWIFT_VERSION = 5.0;
				TARGETED_DEVICE_FAMILY = "1,2";
			};
			name = Debug;
		};
		772D059B2EB3A2DD00186D04 /* Release configuration for PBXNativeTarget "BulletTrackerWidgetsExtension" */ = {
			isa = XCBuildConfiguration;
			buildSettings = {
				ASSETCATALOG_COMPILER_GLOBAL_ACCENT_COLOR_NAME = AccentColor;
				ASSETCATALOG_COMPILER_WIDGET_BACKGROUND_COLOR_NAME = WidgetBackground;
				CODE_SIGN_ENTITLEMENTS = BulletTrackerWidgetsExtension.entitlements;
				CODE_SIGN_STYLE = Automatic;
				CURRENT_PROJECT_VERSION = 1;
				DEVELOPMENT_TEAM = 6W932TN323;
				GENERATE_INFOPLIST_FILE = YES;
				INFOPLIST_FILE = BulletTrackerWidgets/Info.plist;
				INFOPLIST_KEY_CFBundleDisplayName = BulletTrackerWidgets;
				INFOPLIST_KEY_NSHumanReadableCopyright = "";
				IPHONEOS_DEPLOYMENT_TARGET = 26.0;
				LD_RUNPATH_SEARCH_PATHS = (
					"$(inherited)",
					"@executable_path/Frameworks",
					"@executable_path/../../Frameworks",
				);
				MARKETING_VERSION = 1.0;
				PRODUCT_BUNDLE_IDENTIFIER = "db23.Bullet-Tracker.BulletTrackerWidgets";
				PRODUCT_NAME = "$(TARGET_NAME)";
				SKIP_INSTALL = YES;
				STRING_CATALOG_GENERATE_SYMBOLS = YES;
				SWIFT_APPROACHABLE_CONCURRENCY = YES;
				SWIFT_EMIT_LOC_STRINGS = YES;
				SWIFT_UPCOMING_FEATURE_MEMBER_IMPORT_VISIBILITY = YES;
				SWIFT_VERSION = 5.0;
				TARGETED_DEVICE_FAMILY = "1,2";
			};
			name = Release;
		};
		7783B27F2DD2894D0008E0F3 /* Debug configuration for PBXProject "Bullet Tracker" */ = {
			isa = XCBuildConfiguration;
			buildSettings = {
				ALWAYS_SEARCH_USER_PATHS = NO;
				ASSETCATALOG_COMPILER_GENERATE_SWIFT_ASSET_SYMBOL_EXTENSIONS = YES;
				CLANG_ANALYZER_NONNULL = YES;
				CLANG_ANALYZER_NUMBER_OBJECT_CONVERSION = YES_AGGRESSIVE;
				CLANG_CXX_LANGUAGE_STANDARD = "gnu++20";
				CLANG_ENABLE_MODULES = YES;
				CLANG_ENABLE_OBJC_ARC = YES;
				CLANG_ENABLE_OBJC_WEAK = YES;
				CLANG_WARN_BLOCK_CAPTURE_AUTORELEASING = YES;
				CLANG_WARN_BOOL_CONVERSION = YES;
				CLANG_WARN_COMMA = YES;
				CLANG_WARN_CONSTANT_CONVERSION = YES;
				CLANG_WARN_DEPRECATED_OBJC_IMPLEMENTATIONS = YES;
				CLANG_WARN_DIRECT_OBJC_ISA_USAGE = YES_ERROR;
				CLANG_WARN_DOCUMENTATION_COMMENTS = YES;
				CLANG_WARN_EMPTY_BODY = YES;
				CLANG_WARN_ENUM_CONVERSION = YES;
				CLANG_WARN_INFINITE_RECURSION = YES;
				CLANG_WARN_INT_CONVERSION = YES;
				CLANG_WARN_NON_LITERAL_NULL_CONVERSION = YES;
				CLANG_WARN_OBJC_IMPLICIT_RETAIN_SELF = YES;
				CLANG_WARN_OBJC_LITERAL_CONVERSION = YES;
				CLANG_WARN_OBJC_ROOT_CLASS = YES_ERROR;
				CLANG_WARN_QUOTED_INCLUDE_IN_FRAMEWORK_HEADER = YES;
				CLANG_WARN_RANGE_LOOP_ANALYSIS = YES;
				CLANG_WARN_STRICT_PROTOTYPES = YES;
				CLANG_WARN_SUSPICIOUS_MOVE = YES;
				CLANG_WARN_UNGUARDED_AVAILABILITY = YES_AGGRESSIVE;
				CLANG_WARN_UNREACHABLE_CODE = YES;
				CLANG_WARN__DUPLICATE_METHOD_MATCH = YES;
				COPY_PHASE_STRIP = NO;
				DEBUG_INFORMATION_FORMAT = dwarf;
				DEVELOPMENT_TEAM = 6W932TN323;
				ENABLE_STRICT_OBJC_MSGSEND = YES;
				ENABLE_TESTABILITY = YES;
				ENABLE_USER_SCRIPT_SANDBOXING = YES;
				GCC_C_LANGUAGE_STANDARD = gnu17;
				GCC_DYNAMIC_NO_PIC = NO;
				GCC_NO_COMMON_BLOCKS = YES;
				GCC_OPTIMIZATION_LEVEL = 0;
				GCC_PREPROCESSOR_DEFINITIONS = (
					"DEBUG=1",
					"$(inherited)",
				);
				GCC_WARN_64_TO_32_BIT_CONVERSION = YES;
				GCC_WARN_ABOUT_RETURN_TYPE = YES_ERROR;
				GCC_WARN_UNDECLARED_SELECTOR = YES;
				GCC_WARN_UNINITIALIZED_AUTOS = YES_AGGRESSIVE;
				GCC_WARN_UNUSED_FUNCTION = YES;
				GCC_WARN_UNUSED_VARIABLE = YES;
				IPHONEOS_DEPLOYMENT_TARGET = 18.4;
				LOCALIZATION_PREFERS_STRING_CATALOGS = YES;
				MTL_ENABLE_DEBUG_INFO = INCLUDE_SOURCE;
				MTL_FAST_MATH = YES;
				ONLY_ACTIVE_ARCH = YES;
				SDKROOT = iphoneos;
				STRING_CATALOG_GENERATE_SYMBOLS = YES;
				SWIFT_ACTIVE_COMPILATION_CONDITIONS = "DEBUG $(inherited)";
				SWIFT_OPTIMIZATION_LEVEL = "-Onone";
			};
			name = Debug;
		};
		7783B2802DD2894D0008E0F3 /* Release configuration for PBXProject "Bullet Tracker" */ = {
			isa = XCBuildConfiguration;
			buildSettings = {
				ALWAYS_SEARCH_USER_PATHS = NO;
				ASSETCATALOG_COMPILER_GENERATE_SWIFT_ASSET_SYMBOL_EXTENSIONS = YES;
				CLANG_ANALYZER_NONNULL = YES;
				CLANG_ANALYZER_NUMBER_OBJECT_CONVERSION = YES_AGGRESSIVE;
				CLANG_CXX_LANGUAGE_STANDARD = "gnu++20";
				CLANG_ENABLE_MODULES = YES;
				CLANG_ENABLE_OBJC_ARC = YES;
				CLANG_ENABLE_OBJC_WEAK = YES;
				CLANG_WARN_BLOCK_CAPTURE_AUTORELEASING = YES;
				CLANG_WARN_BOOL_CONVERSION = YES;
				CLANG_WARN_COMMA = YES;
				CLANG_WARN_CONSTANT_CONVERSION = YES;
				CLANG_WARN_DEPRECATED_OBJC_IMPLEMENTATIONS = YES;
				CLANG_WARN_DIRECT_OBJC_ISA_USAGE = YES_ERROR;
				CLANG_WARN_DOCUMENTATION_COMMENTS = YES;
				CLANG_WARN_EMPTY_BODY = YES;
				CLANG_WARN_ENUM_CONVERSION = YES;
				CLANG_WARN_INFINITE_RECURSION = YES;
				CLANG_WARN_INT_CONVERSION = YES;
				CLANG_WARN_NON_LITERAL_NULL_CONVERSION = YES;
				CLANG_WARN_OBJC_IMPLICIT_RETAIN_SELF = YES;
				CLANG_WARN_OBJC_LITERAL_CONVERSION = YES;
				CLANG_WARN_OBJC_ROOT_CLASS = YES_ERROR;
				CLANG_WARN_QUOTED_INCLUDE_IN_FRAMEWORK_HEADER = YES;
				CLANG_WARN_RANGE_LOOP_ANALYSIS = YES;
				CLANG_WARN_STRICT_PROTOTYPES = YES;
				CLANG_WARN_SUSPICIOUS_MOVE = YES;
				CLANG_WARN_UNGUARDED_AVAILABILITY = YES_AGGRESSIVE;
				CLANG_WARN_UNREACHABLE_CODE = YES;
				CLANG_WARN__DUPLICATE_METHOD_MATCH = YES;
				COPY_PHASE_STRIP = NO;
				DEBUG_INFORMATION_FORMAT = "dwarf-with-dsym";
				DEVELOPMENT_TEAM = 6W932TN323;
				ENABLE_NS_ASSERTIONS = NO;
				ENABLE_STRICT_OBJC_MSGSEND = YES;
				ENABLE_USER_SCRIPT_SANDBOXING = YES;
				GCC_C_LANGUAGE_STANDARD = gnu17;
				GCC_NO_COMMON_BLOCKS = YES;
				GCC_WARN_64_TO_32_BIT_CONVERSION = YES;
				GCC_WARN_ABOUT_RETURN_TYPE = YES_ERROR;
				GCC_WARN_UNDECLARED_SELECTOR = YES;
				GCC_WARN_UNINITIALIZED_AUTOS = YES_AGGRESSIVE;
				GCC_WARN_UNUSED_FUNCTION = YES;
				GCC_WARN_UNUSED_VARIABLE = YES;
				IPHONEOS_DEPLOYMENT_TARGET = 18.4;
				LOCALIZATION_PREFERS_STRING_CATALOGS = YES;
				MTL_ENABLE_DEBUG_INFO = NO;
				MTL_FAST_MATH = YES;
				SDKROOT = iphoneos;
				STRING_CATALOG_GENERATE_SYMBOLS = YES;
				SWIFT_COMPILATION_MODE = wholemodule;
				VALIDATE_PRODUCT = YES;
			};
			name = Release;
		};
		7783B2822DD2894D0008E0F3 /* Debug configuration for PBXNativeTarget "Bullet Tracker" */ = {
			isa = XCBuildConfiguration;
			buildSettings = {
				ASSETCATALOG_COMPILER_APPICON_NAME = AppIcon;
				ASSETCATALOG_COMPILER_GLOBAL_ACCENT_COLOR_NAME = AccentColor;
				CODE_SIGN_ENTITLEMENTS = "Bullet Tracker/Bullet Tracker.entitlements";
				CODE_SIGN_STYLE = Automatic;
				CURRENT_PROJECT_VERSION = 1;
				DEVELOPMENT_TEAM = 6W932TN323;
				ENABLE_PREVIEWS = YES;
				GENERATE_INFOPLIST_FILE = YES;
				INFOPLIST_FILE = "Bullet-Tracker-Info.plist";
				INFOPLIST_KEY_UIApplicationSceneManifest_Generation = YES;
				INFOPLIST_KEY_UIApplicationSupportsIndirectInputEvents = YES;
				INFOPLIST_KEY_UILaunchScreen_Generation = YES;
				INFOPLIST_KEY_UISupportedInterfaceOrientations_iPad = "UIInterfaceOrientationPortrait UIInterfaceOrientationPortraitUpsideDown UIInterfaceOrientationLandscapeLeft UIInterfaceOrientationLandscapeRight";
				INFOPLIST_KEY_UISupportedInterfaceOrientations_iPhone = "UIInterfaceOrientationPortrait UIInterfaceOrientationLandscapeLeft UIInterfaceOrientationLandscapeRight";
				LD_RUNPATH_SEARCH_PATHS = (
					"$(inherited)",
					"@executable_path/Frameworks",
				);
				MARKETING_VERSION = 1.0;
				PRODUCT_BUNDLE_IDENTIFIER = "db23.Bullet-Tracker";
				PRODUCT_NAME = "$(TARGET_NAME)";
				SWIFT_EMIT_LOC_STRINGS = YES;
				SWIFT_VERSION = 5.0;
				TARGETED_DEVICE_FAMILY = "1,2";
			};
			name = Debug;
		};
		7783B2832DD2894D0008E0F3 /* Release configuration for PBXNativeTarget "Bullet Tracker" */ = {
			isa = XCBuildConfiguration;
			buildSettings = {
				ASSETCATALOG_COMPILER_APPICON_NAME = AppIcon;
				ASSETCATALOG_COMPILER_GLOBAL_ACCENT_COLOR_NAME = AccentColor;
				CODE_SIGN_ENTITLEMENTS = "Bullet Tracker/Bullet Tracker.entitlements";
				CODE_SIGN_STYLE = Automatic;
				CURRENT_PROJECT_VERSION = 1;
				DEVELOPMENT_TEAM = 6W932TN323;
				ENABLE_PREVIEWS = YES;
				GENERATE_INFOPLIST_FILE = YES;
				INFOPLIST_FILE = "Bullet-Tracker-Info.plist";
				INFOPLIST_KEY_UIApplicationSceneManifest_Generation = YES;
				INFOPLIST_KEY_UIApplicationSupportsIndirectInputEvents = YES;
				INFOPLIST_KEY_UILaunchScreen_Generation = YES;
				INFOPLIST_KEY_UISupportedInterfaceOrientations_iPad = "UIInterfaceOrientationPortrait UIInterfaceOrientationPortraitUpsideDown UIInterfaceOrientationLandscapeLeft UIInterfaceOrientationLandscapeRight";
				INFOPLIST_KEY_UISupportedInterfaceOrientations_iPhone = "UIInterfaceOrientationPortrait UIInterfaceOrientationLandscapeLeft UIInterfaceOrientationLandscapeRight";
				LD_RUNPATH_SEARCH_PATHS = (
					"$(inherited)",
					"@executable_path/Frameworks",
				);
				MARKETING_VERSION = 1.0;
				PRODUCT_BUNDLE_IDENTIFIER = "db23.Bullet-Tracker";
				PRODUCT_NAME = "$(TARGET_NAME)";
				SWIFT_EMIT_LOC_STRINGS = YES;
				SWIFT_VERSION = 5.0;
				TARGETED_DEVICE_FAMILY = "1,2";
			};
			name = Release;
		};
		7783B2852DD2894D0008E0F3 /* Debug configuration for PBXNativeTarget "Bullet TrackerTests" */ = {
			isa = XCBuildConfiguration;
			buildSettings = {
				BUNDLE_LOADER = "$(TEST_HOST)";
				CODE_SIGN_STYLE = Automatic;
				CURRENT_PROJECT_VERSION = 1;
				DEVELOPMENT_TEAM = 6W932TN323;
				GENERATE_INFOPLIST_FILE = YES;
				IPHONEOS_DEPLOYMENT_TARGET = 18.4;
				MARKETING_VERSION = 1.0;
				PRODUCT_BUNDLE_IDENTIFIER = "db23.Bullet-TrackerTests";
				PRODUCT_NAME = "$(TARGET_NAME)";
				SWIFT_EMIT_LOC_STRINGS = NO;
				SWIFT_VERSION = 5.0;
				TARGETED_DEVICE_FAMILY = "1,2";
				TEST_HOST = "$(BUILT_PRODUCTS_DIR)/Bullet Tracker.app/$(BUNDLE_EXECUTABLE_FOLDER_PATH)/Bullet Tracker";
			};
			name = Debug;
		};
		7783B2862DD2894D0008E0F3 /* Release configuration for PBXNativeTarget "Bullet TrackerTests" */ = {
			isa = XCBuildConfiguration;
			buildSettings = {
				BUNDLE_LOADER = "$(TEST_HOST)";
				CODE_SIGN_STYLE = Automatic;
				CURRENT_PROJECT_VERSION = 1;
				DEVELOPMENT_TEAM = 6W932TN323;
				GENERATE_INFOPLIST_FILE = YES;
				IPHONEOS_DEPLOYMENT_TARGET = 18.4;
				MARKETING_VERSION = 1.0;
				PRODUCT_BUNDLE_IDENTIFIER = "db23.Bullet-TrackerTests";
				PRODUCT_NAME = "$(TARGET_NAME)";
				SWIFT_EMIT_LOC_STRINGS = NO;
				SWIFT_VERSION = 5.0;
				TARGETED_DEVICE_FAMILY = "1,2";
				TEST_HOST = "$(BUILT_PRODUCTS_DIR)/Bullet Tracker.app/$(BUNDLE_EXECUTABLE_FOLDER_PATH)/Bullet Tracker";
			};
			name = Release;
		};
		7783B2882DD2894D0008E0F3 /* Debug configuration for PBXNativeTarget "Bullet TrackerUITests" */ = {
			isa = XCBuildConfiguration;
			buildSettings = {
				CODE_SIGN_STYLE = Automatic;
				CURRENT_PROJECT_VERSION = 1;
				DEVELOPMENT_TEAM = 6W932TN323;
				GENERATE_INFOPLIST_FILE = YES;
				MARKETING_VERSION = 1.0;
				PRODUCT_BUNDLE_IDENTIFIER = "db23.Bullet-TrackerUITests";
				PRODUCT_NAME = "$(TARGET_NAME)";
				SWIFT_EMIT_LOC_STRINGS = NO;
				SWIFT_VERSION = 5.0;
				TARGETED_DEVICE_FAMILY = "1,2";
				TEST_TARGET_NAME = "Bullet Tracker";
			};
			name = Debug;
		};
		7783B2892DD2894D0008E0F3 /* Release configuration for PBXNativeTarget "Bullet TrackerUITests" */ = {
			isa = XCBuildConfiguration;
			buildSettings = {
				CODE_SIGN_STYLE = Automatic;
				CURRENT_PROJECT_VERSION = 1;
				DEVELOPMENT_TEAM = 6W932TN323;
				GENERATE_INFOPLIST_FILE = YES;
				MARKETING_VERSION = 1.0;
				PRODUCT_BUNDLE_IDENTIFIER = "db23.Bullet-TrackerUITests";
				PRODUCT_NAME = "$(TARGET_NAME)";
				SWIFT_EMIT_LOC_STRINGS = NO;
				SWIFT_VERSION = 5.0;
				TARGETED_DEVICE_FAMILY = "1,2";
				TEST_TARGET_NAME = "Bullet Tracker";
			};
			name = Release;
		};
/* End XCBuildConfiguration section */

/* Begin XCConfigurationList section */
		772D05992EB3A2DD00186D04 /* Build configuration list for PBXNativeTarget "BulletTrackerWidgetsExtension" */ = {
			isa = XCConfigurationList;
			buildConfigurations = (
				772D059A2EB3A2DD00186D04 /* Debug configuration for PBXNativeTarget "BulletTrackerWidgetsExtension" */,
				772D059B2EB3A2DD00186D04 /* Release configuration for PBXNativeTarget "BulletTrackerWidgetsExtension" */,
			);
			defaultConfigurationName = Release;
		};
		7783B2562DD2894B0008E0F3 /* Build configuration list for PBXProject "Bullet Tracker" */ = {
			isa = XCConfigurationList;
			buildConfigurations = (
				7783B27F2DD2894D0008E0F3 /* Debug configuration for PBXProject "Bullet Tracker" */,
				7783B2802DD2894D0008E0F3 /* Release configuration for PBXProject "Bullet Tracker" */,
			);
			defaultConfigurationName = Release;
		};
		7783B2812DD2894D0008E0F3 /* Build configuration list for PBXNativeTarget "Bullet Tracker" */ = {
			isa = XCConfigurationList;
			buildConfigurations = (
				7783B2822DD2894D0008E0F3 /* Debug configuration for PBXNativeTarget "Bullet Tracker" */,
				7783B2832DD2894D0008E0F3 /* Release configuration for PBXNativeTarget "Bullet Tracker" */,
			);
			defaultConfigurationName = Release;
		};
		7783B2842DD2894D0008E0F3 /* Build configuration list for PBXNativeTarget "Bullet TrackerTests" */ = {
			isa = XCConfigurationList;
			buildConfigurations = (
				7783B2852DD2894D0008E0F3 /* Debug configuration for PBXNativeTarget "Bullet TrackerTests" */,
				7783B2862DD2894D0008E0F3 /* Release configuration for PBXNativeTarget "Bullet TrackerTests" */,
			);
			defaultConfigurationName = Release;
		};
		7783B2872DD2894D0008E0F3 /* Build configuration list for PBXNativeTarget "Bullet TrackerUITests" */ = {
			isa = XCConfigurationList;
			buildConfigurations = (
				7783B2882DD2894D0008E0F3 /* Debug configuration for PBXNativeTarget "Bullet TrackerUITests" */,
				7783B2892DD2894D0008E0F3 /* Release configuration for PBXNativeTarget "Bullet TrackerUITests" */,
			);
			defaultConfigurationName = Release;
		};
/* End XCConfigurationList section */
	};
	rootObject = 7783B2532DD2894B0008E0F3 /* Project object */;
}
