// !$*UTF8*$!
{
	archiveVersion = 1;
	classes = {
	};
	objectVersion = 90;
	objects = {

/* Begin PBXBuildFile section */
		77B535972DD62DAE008BBCD8 /* BackupManager.swift in Sources */ = {isa = PBXBuildFile; fileRef = 77B535962DD62DAE008BBCD8 /* BackupManager.swift */; };
		77B535992DD62DB6008BBCD8 /* BackupRestoreViewModel.swift in Sources */ = {isa = PBXBuildFile; fileRef = 77B535982DD62DB6008BBCD8 /* BackupRestoreViewModel.swift */; };
		77DB37272DEBD47E004E2ED9 /* Bullet Track - update log.md in Resources */ = {isa = PBXBuildFile; fileRef = 77DB37262DEBD47E004E2ED9 /* Bullet Track - update log.md */; };
		77DB37292DEBD593004E2ED9 /* Bullet Track - Overview.md in Resources */ = {isa = PBXBuildFile; fileRef = 77DB37282DEBD593004E2ED9 /* Bullet Track - Overview.md */; };
		77DB372C2DEBD616004E2ED9 /* Bullet Track - Context.md in Resources */ = {isa = PBXBuildFile; fileRef = 77DB372B2DEBD616004E2ED9 /* Bullet Track - Context.md */; };
		77DB372E2DEBD64D004E2ED9 /* Bullet Track - protocol in Resources */ = {isa = PBXBuildFile; fileRef = 77DB372D2DEBD64D004E2ED9 /* Bullet Track - protocol */; };
/* End PBXBuildFile section */

/* Begin PBXContainerItemProxy section */
		7783B26E2DD2894D0008E0F3 /* PBXContainerItemProxy */ = {
			isa = PBXContainerItemProxy;
			containerPortal = 7783B2532DD2894B0008E0F3 /* Project object */;
			proxyType = 1;
			remoteGlobalIDString = 7783B25A2DD2894B0008E0F3;
			remoteInfo = "Bullet Tracker";
		};
		7783B2782DD2894D0008E0F3 /* PBXContainerItemProxy */ = {
			isa = PBXContainerItemProxy;
			containerPortal = 7783B2532DD2894B0008E0F3 /* Project object */;
			proxyType = 1;
			remoteGlobalIDString = 7783B25A2DD2894B0008E0F3;
			remoteInfo = "Bullet Tracker";
		};
/* End PBXContainerItemProxy section */

/* Begin PBXFileReference section */
		7783B25B2DD2894B0008E0F3 /* Bullet Tracker.app */ = {isa = PBXFileReference; explicitFileType = wrapper.application; includeInIndex = 0; path = "Bullet Tracker.app"; sourceTree = BUILT_PRODUCTS_DIR; };
		7783B26D2DD2894D0008E0F3 /* Bullet TrackerTests.xctest */ = {isa = PBXFileReference; explicitFileType = wrapper.cfbundle; includeInIndex = 0; path = "Bullet TrackerTests.xctest"; sourceTree = BUILT_PRODUCTS_DIR; };
		7783B2772DD2894D0008E0F3 /* Bullet TrackerUITests.xctest */ = {isa = PBXFileReference; explicitFileType = wrapper.cfbundle; includeInIndex = 0; path = "Bullet TrackerUITests.xctest"; sourceTree = BUILT_PRODUCTS_DIR; };
		77B535962DD62DAE008BBCD8 /* BackupManager.swift */ = {isa = PBXFileReference; lastKnownFileType = sourcecode.swift; path = BackupManager.swift; sourceTree = "<group>"; };
		77B535982DD62DB6008BBCD8 /* BackupRestoreViewModel.swift */ = {isa = PBXFileReference; lastKnownFileType = sourcecode.swift; path = BackupRestoreViewModel.swift; sourceTree = "<group>"; };
		77DB37262DEBD47E004E2ED9 /* Bullet Track - update log.md */ = {isa = PBXFileReference; lastKnownFileType = net.daringfireball.markdown; path = "Bullet Track - update log.md"; sourceTree = "<group>"; };
		77DB37282DEBD593004E2ED9 /* Bullet Track - Overview.md */ = {isa = PBXFileReference; lastKnownFileType = net.daringfireball.markdown; path = "Bullet Track - Overview.md"; sourceTree = "<group>"; };
		77DB372B2DEBD616004E2ED9 /* Bullet Track - Context.md */ = {isa = PBXFileReference; lastKnownFileType = net.daringfireball.markdown; path = "Bullet Track - Context.md"; sourceTree = "<group>"; };
		77DB372D2DEBD64D004E2ED9 /* Bullet Track - protocol */ = {isa = PBXFileReference; lastKnownFileType = text; path = "Bullet Track - protocol"; sourceTree = "<group>"; };
/* End PBXFileReference section */

/* Begin PBXFileSystemSynchronizedRootGroup section */
		7783B25D2DD2894B0008E0F3 /* Bullet Tracker */ = {
			isa = PBXFileSystemSynchronizedRootGroup;
			path = "Bullet Tracker";
			sourceTree = "<group>";
		};
		7783B2702DD2894D0008E0F3 /* Bullet TrackerTests */ = {
			isa = PBXFileSystemSynchronizedRootGroup;
			path = "Bullet TrackerTests";
			sourceTree = "<group>";
		};
		7783B27A2DD2894D0008E0F3 /* Bullet TrackerUITests */ = {
			isa = PBXFileSystemSynchronizedRootGroup;
			path = "Bullet TrackerUITests";
			sourceTree = "<group>";
		};
/* End PBXFileSystemSynchronizedRootGroup section */

/* Begin PBXFrameworksBuildPhase section */
		7783B2582DD2894B0008E0F3 /* Frameworks */ = {
			isa = PBXFrameworksBuildPhase;
			files = (
			);
		};
		7783B26A2DD2894D0008E0F3 /* Frameworks */ = {
			isa = PBXFrameworksBuildPhase;
			files = (
			);
		};
		7783B2742DD2894D0008E0F3 /* Frameworks */ = {
			isa = PBXFrameworksBuildPhase;
			files = (
			);
		};
/* End PBXFrameworksBuildPhase section */

/* Begin PBXGroup section */
		7783B2522DD2894B0008E0F3 = {
			isa = PBXGroup;
			children = (
				7783B25D2DD2894B0008E0F3 /* Bullet Tracker */,
				7783B2702DD2894D0008E0F3 /* Bullet TrackerTests */,
				7783B27A2DD2894D0008E0F3 /* Bullet TrackerUITests */,
				7783B25C2DD2894B0008E0F3 /* Products */,
				77B535962DD62DAE008BBCD8 /* BackupManager.swift */,
				77B535982DD62DB6008BBCD8 /* BackupRestoreViewModel.swift */,
				77DB372A2DEBD5B6004E2ED9 /* Documentation */,
			);
			sourceTree = "<group>";
		};
		7783B25C2DD2894B0008E0F3 /* Products */ = {
			isa = PBXGroup;
			children = (
				7783B25B2DD2894B0008E0F3 /* Bullet Tracker.app */,
				7783B26D2DD2894D0008E0F3 /* Bullet TrackerTests.xctest */,
				7783B2772DD2894D0008E0F3 /* Bullet TrackerUITests.xctest */,
			);
			name = Products;
			sourceTree = "<group>";
		};
		77DB372A2DEBD5B6004E2ED9 /* Documentation */ = {
			isa = PBXGroup;
			children = (
				77DB37282DEBD593004E2ED9 /* Bullet Track - Overview.md */,
				77DB37262DEBD47E004E2ED9 /* Bullet Track - update log.md */,
				77DB372B2DEBD616004E2ED9 /* Bullet Track - Context.md */,
				77DB372D2DEBD64D004E2ED9 /* Bullet Track - protocol */,
			);
			path = Documentation;
			sourceTree = "<group>";
		};
/* End PBXGroup section */

/* Begin PBXNativeTarget section */
		7783B25A2DD2894B0008E0F3 /* Bullet Tracker */ = {
			isa = PBXNativeTarget;
			buildConfigurationList = 7783B2812DD2894D0008E0F3 /* Build configuration list for PBXNativeTarget "Bullet Tracker" */;
			buildPhases = (
				7783B2572DD2894B0008E0F3 /* Sources */,
				7783B2582DD2894B0008E0F3 /* Frameworks */,
				7783B2592DD2894B0008E0F3 /* Resources */,
			);
			buildRules = (
			);
			fileSystemSynchronizedGroups = (
				7783B25D2DD2894B0008E0F3 /* Bullet Tracker */,
			);
			name = "Bullet Tracker";
			productName = "Bullet Tracker";
			productReference = 7783B25B2DD2894B0008E0F3 /* Bullet Tracker.app */;
			productType = "com.apple.product-type.application";
		};
		7783B26C2DD2894D0008E0F3 /* Bullet TrackerTests */ = {
			isa = PBXNativeTarget;
			buildConfigurationList = 7783B2842DD2894D0008E0F3 /* Build configuration list for PBXNativeTarget "Bullet TrackerTests" */;
			buildPhases = (
				7783B2692DD2894D0008E0F3 /* Sources */,
				7783B26A2DD2894D0008E0F3 /* Frameworks */,
				7783B26B2DD2894D0008E0F3 /* Resources */,
			);
			buildRules = (
			);
			dependencies = (
				7783B26F2DD2894D0008E0F3 /* PBXTargetDependency */,
			);
			fileSystemSynchronizedGroups = (
				7783B2702DD2894D0008E0F3 /* Bullet TrackerTests */,
			);
			name = "Bullet TrackerTests";
			productName = "Bullet TrackerTests";
			productReference = 7783B26D2DD2894D0008E0F3 /* Bullet TrackerTests.xctest */;
			productType = "com.apple.product-type.bundle.unit-test";
		};
		7783B2762DD2894D0008E0F3 /* Bullet TrackerUITests */ = {
			isa = PBXNativeTarget;
			buildConfigurationList = 7783B2872DD2894D0008E0F3 /* Build configuration list for PBXNativeTarget "Bullet TrackerUITests" */;
			buildPhases = (
				7783B2732DD2894D0008E0F3 /* Sources */,
				7783B2742DD2894D0008E0F3 /* Frameworks */,
				7783B2752DD2894D0008E0F3 /* Resources */,
			);
			buildRules = (
			);
			dependencies = (
				7783B2792DD2894D0008E0F3 /* PBXTargetDependency */,
			);
			fileSystemSynchronizedGroups = (
				7783B27A2DD2894D0008E0F3 /* Bullet TrackerUITests */,
			);
			name = "Bullet TrackerUITests";
			productName = "Bullet TrackerUITests";
			productReference = 7783B2772DD2894D0008E0F3 /* Bullet TrackerUITests.xctest */;
			productType = "com.apple.product-type.bundle.ui-testing";
		};
/* End PBXNativeTarget section */

/* Begin PBXProject section */
		7783B2532DD2894B0008E0F3 /* Project object */ = {
			isa = PBXProject;
			attributes = {
				BuildIndependentTargetsInParallel = 1;
				LastSwiftUpdateCheck = 1630;
				LastUpgradeCheck = 1630;
				TargetAttributes = {
					7783B25A2DD2894B0008E0F3 = {
						CreatedOnToolsVersion = 16.3;
					};
					7783B26C2DD2894D0008E0F3 = {
						CreatedOnToolsVersion = 16.3;
						TestTargetID = 7783B25A2DD2894B0008E0F3;
					};
					7783B2762DD2894D0008E0F3 = {
						CreatedOnToolsVersion = 16.3;
						TestTargetID = 7783B25A2DD2894B0008E0F3;
					};
				};
			};
			buildConfigurationList = 7783B2562DD2894B0008E0F3 /* Build configuration list for PBXProject "Bullet Tracker" */;
			developmentRegion = en;
			hasScannedForEncodings = 0;
			knownRegions = (
				en,
				Base,
			);
			mainGroup = 7783B2522DD2894B0008E0F3;
			minimizedProjectReferenceProxies = 1;
			preferredProjectObjectVersion = 90;
			productRefGroup = 7783B25C2DD2894B0008E0F3 /* Products */;
			projectDirPath = "";
			projectRoot = "";
			targets = (
				7783B25A2DD2894B0008E0F3 /* Bullet Tracker */,
				7783B26C2DD2894D0008E0F3 /* Bullet TrackerTests */,
				7783B2762DD2894D0008E0F3 /* Bullet TrackerUITests */,
			);
		};
/* End PBXProject section */

/* Begin PBXResourcesBuildPhase section */
		7783B2592DD2894B0008E0F3 /* Resources */ = {
			isa = PBXResourcesBuildPhase;
			files = (
				77DB372C2DEBD616004E2ED9 /* Bullet Track - Context.md in Resources */,
				77DB372E2DEBD64D004E2ED9 /* Bullet Track - protocol in Resources */,
				77DB37272DEBD47E004E2ED9 /* Bullet Track - update log.md in Resources */,
				77DB37292DEBD593004E2ED9 /* Bullet Track - Overview.md in Resources */,
			);
		};
		7783B26B2DD2894D0008E0F3 /* Resources */ = {
			isa = PBXResourcesBuildPhase;
			files = (
			);
		};
		7783B2752DD2894D0008E0F3 /* Resources */ = {
			isa = PBXResourcesBuildPhase;
			files = (
			);
		};
/* End PBXResourcesBuildPhase section */

/* Begin PBXSourcesBuildPhase section */
		7783B2572DD2894B0008E0F3 /* Sources */ = {
			isa = PBXSourcesBuildPhase;
			files = (
				77B535992DD62DB6008BBCD8 /* BackupRestoreViewModel.swift in Sources */,
				77B535972DD62DAE008BBCD8 /* BackupManager.swift in Sources */,
			);
		};
		7783B2692DD2894D0008E0F3 /* Sources */ = {
			isa = PBXSourcesBuildPhase;
			files = (
			);
		};
		7783B2732DD2894D0008E0F3 /* Sources */ = {
			isa = PBXSourcesBuildPhase;
			files = (
			);
		};
/* End PBXSourcesBuildPhase section */

/* Begin PBXTargetDependency section */
		7783B26F2DD2894D0008E0F3 /* PBXTargetDependency */ = {
			isa = PBXTargetDependency;
			target = 7783B25A2DD2894B0008E0F3 /* Bullet Tracker */;
			targetProxy = 7783B26E2DD2894D0008E0F3 /* PBXContainerItemProxy */;
		};
		7783B2792DD2894D0008E0F3 /* PBXTargetDependency */ = {
			isa = PBXTargetDependency;
			target = 7783B25A2DD2894B0008E0F3 /* Bullet Tracker */;
			targetProxy = 7783B2782DD2894D0008E0F3 /* PBXContainerItemProxy */;
		};
/* End PBXTargetDependency section */

/* Begin XCBuildConfiguration section */
		7783B27F2DD2894D0008E0F3 /* Debug configuration for PBXProject "Bullet Tracker" */ = {
			isa = XCBuildConfiguration;
			buildSettings = {
				ALWAYS_SEARCH_USER_PATHS = NO;
				ASSETCATALOG_COMPILER_GENERATE_SWIFT_ASSET_SYMBOL_EXTENSIONS = YES;
				CLANG_ANALYZER_NONNULL = YES;
				CLANG_ANALYZER_NUMBER_OBJECT_CONVERSION = YES_AGGRESSIVE;
				CLANG_CXX_LANGUAGE_STANDARD = "gnu++20";
				CLANG_ENABLE_MODULES = YES;
				CLANG_ENABLE_OBJC_ARC = YES;
				CLANG_ENABLE_OBJC_WEAK = YES;
				CLANG_WARN_BLOCK_CAPTURE_AUTORELEASING = YES;
				CLANG_WARN_BOOL_CONVERSION = YES;
				CLANG_WARN_COMMA = YES;
				CLANG_WARN_CONSTANT_CONVERSION = YES;
				CLANG_WARN_DEPRECATED_OBJC_IMPLEMENTATIONS = YES;
				CLANG_WARN_DIRECT_OBJC_ISA_USAGE = YES_ERROR;
				CLANG_WARN_DOCUMENTATION_COMMENTS = YES;
				CLANG_WARN_EMPTY_BODY = YES;
				CLANG_WARN_ENUM_CONVERSION = YES;
				CLANG_WARN_INFINITE_RECURSION = YES;
				CLANG_WARN_INT_CONVERSION = YES;
				CLANG_WARN_NON_LITERAL_NULL_CONVERSION = YES;
				CLANG_WARN_OBJC_IMPLICIT_RETAIN_SELF = YES;
				CLANG_WARN_OBJC_LITERAL_CONVERSION = YES;
				CLANG_WARN_OBJC_ROOT_CLASS = YES_ERROR;
				CLANG_WARN_QUOTED_INCLUDE_IN_FRAMEWORK_HEADER = YES;
				CLANG_WARN_RANGE_LOOP_ANALYSIS = YES;
				CLANG_WARN_STRICT_PROTOTYPES = YES;
				CLANG_WARN_SUSPICIOUS_MOVE = YES;
				CLANG_WARN_UNGUARDED_AVAILABILITY = YES_AGGRESSIVE;
				CLANG_WARN_UNREACHABLE_CODE = YES;
				CLANG_WARN__DUPLICATE_METHOD_MATCH = YES;
				COPY_PHASE_STRIP = NO;
				DEBUG_INFORMATION_FORMAT = dwarf;
				DEVELOPMENT_TEAM = 6W932TN323;
				ENABLE_STRICT_OBJC_MSGSEND = YES;
				ENABLE_TESTABILITY = YES;
				ENABLE_USER_SCRIPT_SANDBOXING = YES;
				GCC_C_LANGUAGE_STANDARD = gnu17;
				GCC_DYNAMIC_NO_PIC = NO;
				GCC_NO_COMMON_BLOCKS = YES;
				GCC_OPTIMIZATION_LEVEL = 0;
				GCC_PREPROCESSOR_DEFINITIONS = (
					"DEBUG=1",
					"$(inherited)",
				);
				GCC_WARN_64_TO_32_BIT_CONVERSION = YES;
				GCC_WARN_ABOUT_RETURN_TYPE = YES_ERROR;
				GCC_WARN_UNDECLARED_SELECTOR = YES;
				GCC_WARN_UNINITIALIZED_AUTOS = YES_AGGRESSIVE;
				GCC_WARN_UNUSED_FUNCTION = YES;
				GCC_WARN_UNUSED_VARIABLE = YES;
				IPHONEOS_DEPLOYMENT_TARGET = 18.4;
				LOCALIZATION_PREFERS_STRING_CATALOGS = YES;
				MTL_ENABLE_DEBUG_INFO = INCLUDE_SOURCE;
				MTL_FAST_MATH = YES;
				ONLY_ACTIVE_ARCH = YES;
				SDKROOT = iphoneos;
				SWIFT_ACTIVE_COMPILATION_CONDITIONS = "DEBUG $(inherited)";
				SWIFT_OPTIMIZATION_LEVEL = "-Onone";
			};
			name = Debug;
		};
		7783B2802DD2894D0008E0F3 /* Release configuration for PBXProject "Bullet Tracker" */ = {
			isa = XCBuildConfiguration;
			buildSettings = {
				ALWAYS_SEARCH_USER_PATHS = NO;
				ASSETCATALOG_COMPILER_GENERATE_SWIFT_ASSET_SYMBOL_EXTENSIONS = YES;
				CLANG_ANALYZER_NONNULL = YES;
				CLANG_ANALYZER_NUMBER_OBJECT_CONVERSION = YES_AGGRESSIVE;
				CLANG_CXX_LANGUAGE_STANDARD = "gnu++20";
				CLANG_ENABLE_MODULES = YES;
				CLANG_ENABLE_OBJC_ARC = YES;
				CLANG_ENABLE_OBJC_WEAK = YES;
				CLANG_WARN_BLOCK_CAPTURE_AUTORELEASING = YES;
				CLANG_WARN_BOOL_CONVERSION = YES;
				CLANG_WARN_COMMA = YES;
				CLANG_WARN_CONSTANT_CONVERSION = YES;
				CLANG_WARN_DEPRECATED_OBJC_IMPLEMENTATIONS = YES;
				CLANG_WARN_DIRECT_OBJC_ISA_USAGE = YES_ERROR;
				CLANG_WARN_DOCUMENTATION_COMMENTS = YES;
				CLANG_WARN_EMPTY_BODY = YES;
				CLANG_WARN_ENUM_CONVERSION = YES;
				CLANG_WARN_INFINITE_RECURSION = YES;
				CLANG_WARN_INT_CONVERSION = YES;
				CLANG_WARN_NON_LITERAL_NULL_CONVERSION = YES;
				CLANG_WARN_OBJC_IMPLICIT_RETAIN_SELF = YES;
				CLANG_WARN_OBJC_LITERAL_CONVERSION = YES;
				CLANG_WARN_OBJC_ROOT_CLASS = YES_ERROR;
				CLANG_WARN_QUOTED_INCLUDE_IN_FRAMEWORK_HEADER = YES;
				CLANG_WARN_RANGE_LOOP_ANALYSIS = YES;
				CLANG_WARN_STRICT_PROTOTYPES = YES;
				CLANG_WARN_SUSPICIOUS_MOVE = YES;
				CLANG_WARN_UNGUARDED_AVAILABILITY = YES_AGGRESSIVE;
				CLANG_WARN_UNREACHABLE_CODE = YES;
				CLANG_WARN__DUPLICATE_METHOD_MATCH = YES;
				COPY_PHASE_STRIP = NO;
				DEBUG_INFORMATION_FORMAT = "dwarf-with-dsym";
				DEVELOPMENT_TEAM = 6W932TN323;
				ENABLE_NS_ASSERTIONS = NO;
				ENABLE_STRICT_OBJC_MSGSEND = YES;
				ENABLE_USER_SCRIPT_SANDBOXING = YES;
				GCC_C_LANGUAGE_STANDARD = gnu17;
				GCC_NO_COMMON_BLOCKS = YES;
				GCC_WARN_64_TO_32_BIT_CONVERSION = YES;
				GCC_WARN_ABOUT_RETURN_TYPE = YES_ERROR;
				GCC_WARN_UNDECLARED_SELECTOR = YES;
				GCC_WARN_UNINITIALIZED_AUTOS = YES_AGGRESSIVE;
				GCC_WARN_UNUSED_FUNCTION = YES;
				GCC_WARN_UNUSED_VARIABLE = YES;
				IPHONEOS_DEPLOYMENT_TARGET = 18.4;
				LOCALIZATION_PREFERS_STRING_CATALOGS = YES;
				MTL_ENABLE_DEBUG_INFO = NO;
				MTL_FAST_MATH = YES;
				SDKROOT = iphoneos;
				SWIFT_COMPILATION_MODE = wholemodule;
				VALIDATE_PRODUCT = YES;
			};
			name = Release;
		};
		7783B2822DD2894D0008E0F3 /* Debug configuration for PBXNativeTarget "Bullet Tracker" */ = {
			isa = XCBuildConfiguration;
			buildSettings = {
				ASSETCATALOG_COMPILER_APPICON_NAME = AppIcon;
				ASSETCATALOG_COMPILER_GLOBAL_ACCENT_COLOR_NAME = AccentColor;
				CODE_SIGN_ENTITLEMENTS = "Bullet Tracker/Bullet Tracker.entitlements";
				CODE_SIGN_STYLE = Automatic;
				CURRENT_PROJECT_VERSION = 1;
				DEVELOPMENT_TEAM = 6W932TN323;
				ENABLE_PREVIEWS = YES;
				GENERATE_INFOPLIST_FILE = YES;
				INFOPLIST_FILE = "Bullet-Tracker-Info.plist";
				INFOPLIST_KEY_UIApplicationSceneManifest_Generation = YES;
				INFOPLIST_KEY_UIApplicationSupportsIndirectInputEvents = YES;
				INFOPLIST_KEY_UILaunchScreen_Generation = YES;
				INFOPLIST_KEY_UISupportedInterfaceOrientations_iPad = "UIInterfaceOrientationPortrait UIInterfaceOrientationPortraitUpsideDown UIInterfaceOrientationLandscapeLeft UIInterfaceOrientationLandscapeRight";
				INFOPLIST_KEY_UISupportedInterfaceOrientations_iPhone = "UIInterfaceOrientationPortrait UIInterfaceOrientationLandscapeLeft UIInterfaceOrientationLandscapeRight";
				LD_RUNPATH_SEARCH_PATHS = (
					"$(inherited)",
					"@executable_path/Frameworks",
				);
				MARKETING_VERSION = 1.0;
				PRODUCT_BUNDLE_IDENTIFIER = "db23.Bullet-Tracker";
				PRODUCT_NAME = "$(TARGET_NAME)";
				SWIFT_EMIT_LOC_STRINGS = YES;
				SWIFT_VERSION = 5.0;
				TARGETED_DEVICE_FAMILY = "1,2";
			};
			name = Debug;
		};
		7783B2832DD2894D0008E0F3 /* Release configuration for PBXNativeTarget "Bullet Tracker" */ = {
			isa = XCBuildConfiguration;
			buildSettings = {
				ASSETCATALOG_COMPILER_APPICON_NAME = AppIcon;
				ASSETCATALOG_COMPILER_GLOBAL_ACCENT_COLOR_NAME = AccentColor;
				CODE_SIGN_ENTITLEMENTS = "Bullet Tracker/Bullet Tracker.entitlements";
				CODE_SIGN_STYLE = Automatic;
				CURRENT_PROJECT_VERSION = 1;
				DEVELOPMENT_TEAM = 6W932TN323;
				ENABLE_PREVIEWS = YES;
				GENERATE_INFOPLIST_FILE = YES;
				INFOPLIST_FILE = "Bullet-Tracker-Info.plist";
				INFOPLIST_KEY_UIApplicationSceneManifest_Generation = YES;
				INFOPLIST_KEY_UIApplicationSupportsIndirectInputEvents = YES;
				INFOPLIST_KEY_UILaunchScreen_Generation = YES;
				INFOPLIST_KEY_UISupportedInterfaceOrientations_iPad = "UIInterfaceOrientationPortrait UIInterfaceOrientationPortraitUpsideDown UIInterfaceOrientationLandscapeLeft UIInterfaceOrientationLandscapeRight";
				INFOPLIST_KEY_UISupportedInterfaceOrientations_iPhone = "UIInterfaceOrientationPortrait UIInterfaceOrientationLandscapeLeft UIInterfaceOrientationLandscapeRight";
				LD_RUNPATH_SEARCH_PATHS = (
					"$(inherited)",
					"@executable_path/Frameworks",
				);
				MARKETING_VERSION = 1.0;
				PRODUCT_BUNDLE_IDENTIFIER = "db23.Bullet-Tracker";
				PRODUCT_NAME = "$(TARGET_NAME)";
				SWIFT_EMIT_LOC_STRINGS = YES;
				SWIFT_VERSION = 5.0;
				TARGETED_DEVICE_FAMILY = "1,2";
			};
			name = Release;
		};
		7783B2852DD2894D0008E0F3 /* Debug configuration for PBXNativeTarget "Bullet TrackerTests" */ = {
			isa = XCBuildConfiguration;
			buildSettings = {
				BUNDLE_LOADER = "$(TEST_HOST)";
				CODE_SIGN_STYLE = Automatic;
				CURRENT_PROJECT_VERSION = 1;
				DEVELOPMENT_TEAM = 6W932TN323;
				GENERATE_INFOPLIST_FILE = YES;
				IPHONEOS_DEPLOYMENT_TARGET = 18.4;
				MARKETING_VERSION = 1.0;
				PRODUCT_BUNDLE_IDENTIFIER = "db23.Bullet-TrackerTests";
				PRODUCT_NAME = "$(TARGET_NAME)";
				SWIFT_EMIT_LOC_STRINGS = NO;
				SWIFT_VERSION = 5.0;
				TARGETED_DEVICE_FAMILY = "1,2";
				TEST_HOST = "$(BUILT_PRODUCTS_DIR)/Bullet Tracker.app/$(BUNDLE_EXECUTABLE_FOLDER_PATH)/Bullet Tracker";
			};
			name = Debug;
		};
		7783B2862DD2894D0008E0F3 /* Release configuration for PBXNativeTarget "Bullet TrackerTests" */ = {
			isa = XCBuildConfiguration;
			buildSettings = {
				BUNDLE_LOADER = "$(TEST_HOST)";
				CODE_SIGN_STYLE = Automatic;
				CURRENT_PROJECT_VERSION = 1;
				DEVELOPMENT_TEAM = 6W932TN323;
				GENERATE_INFOPLIST_FILE = YES;
				IPHONEOS_DEPLOYMENT_TARGET = 18.4;
				MARKETING_VERSION = 1.0;
				PRODUCT_BUNDLE_IDENTIFIER = "db23.Bullet-TrackerTests";
				PRODUCT_NAME = "$(TARGET_NAME)";
				SWIFT_EMIT_LOC_STRINGS = NO;
				SWIFT_VERSION = 5.0;
				TARGETED_DEVICE_FAMILY = "1,2";
				TEST_HOST = "$(BUILT_PRODUCTS_DIR)/Bullet Tracker.app/$(BUNDLE_EXECUTABLE_FOLDER_PATH)/Bullet Tracker";
			};
			name = Release;
		};
		7783B2882DD2894D0008E0F3 /* Debug configuration for PBXNativeTarget "Bullet TrackerUITests" */ = {
			isa = XCBuildConfiguration;
			buildSettings = {
				CODE_SIGN_STYLE = Automatic;
				CURRENT_PROJECT_VERSION = 1;
				DEVELOPMENT_TEAM = 6W932TN323;
				GENERATE_INFOPLIST_FILE = YES;
				MARKETING_VERSION = 1.0;
				PRODUCT_BUNDLE_IDENTIFIER = "db23.Bullet-TrackerUITests";
				PRODUCT_NAME = "$(TARGET_NAME)";
				SWIFT_EMIT_LOC_STRINGS = NO;
				SWIFT_VERSION = 5.0;
				TARGETED_DEVICE_FAMILY = "1,2";
				TEST_TARGET_NAME = "Bullet Tracker";
			};
			name = Debug;
		};
		7783B2892DD2894D0008E0F3 /* Release configuration for PBXNativeTarget "Bullet TrackerUITests" */ = {
			isa = XCBuildConfiguration;
			buildSettings = {
				CODE_SIGN_STYLE = Automatic;
				CURRENT_PROJECT_VERSION = 1;
				DEVELOPMENT_TEAM = 6W932TN323;
				GENERATE_INFOPLIST_FILE = YES;
				MARKETING_VERSION = 1.0;
				PRODUCT_BUNDLE_IDENTIFIER = "db23.Bullet-TrackerUITests";
				PRODUCT_NAME = "$(TARGET_NAME)";
				SWIFT_EMIT_LOC_STRINGS = NO;
				SWIFT_VERSION = 5.0;
				TARGETED_DEVICE_FAMILY = "1,2";
				TEST_TARGET_NAME = "Bullet Tracker";
			};
			name = Release;
		};
/* End XCBuildConfiguration section */

/* Begin XCConfigurationList section */
		7783B2562DD2894B0008E0F3 /* Build configuration list for PBXProject "Bullet Tracker" */ = {
			isa = XCConfigurationList;
			buildConfigurations = (
				7783B27F2DD2894D0008E0F3 /* Debug configuration for PBXProject "Bullet Tracker" */,
				7783B2802DD2894D0008E0F3 /* Release configuration for PBXProject "Bullet Tracker" */,
			);
			defaultConfigurationName = Release;
		};
		7783B2812DD2894D0008E0F3 /* Build configuration list for PBXNativeTarget "Bullet Tracker" */ = {
			isa = XCConfigurationList;
			buildConfigurations = (
				7783B2822DD2894D0008E0F3 /* Debug configuration for PBXNativeTarget "Bullet Tracker" */,
				7783B2832DD2894D0008E0F3 /* Release configuration for PBXNativeTarget "Bullet Tracker" */,
			);
			defaultConfigurationName = Release;
		};
		7783B2842DD2894D0008E0F3 /* Build configuration list for PBXNativeTarget "Bullet TrackerTests" */ = {
			isa = XCConfigurationList;
			buildConfigurations = (
				7783B2852DD2894D0008E0F3 /* Debug configuration for PBXNativeTarget "Bullet TrackerTests" */,
				7783B2862DD2894D0008E0F3 /* Release configuration for PBXNativeTarget "Bullet TrackerTests" */,
			);
			defaultConfigurationName = Release;
		};
		7783B2872DD2894D0008E0F3 /* Build configuration list for PBXNativeTarget "Bullet TrackerUITests" */ = {
			isa = XCConfigurationList;
			buildConfigurations = (
				7783B2882DD2894D0008E0F3 /* Debug configuration for PBXNativeTarget "Bullet TrackerUITests" */,
				7783B2892DD2894D0008E0F3 /* Release configuration for PBXNativeTarget "Bullet TrackerUITests" */,
			);
			defaultConfigurationName = Release;
		};
/* End XCConfigurationList section */
	};
	rootObject = 7783B2532DD2894B0008E0F3 /* Project object */;
}
